// !$*UTF8*$!
{
	archiveVersion = 1;
	classes = {
	};
	objectVersion = 56;
	objects = {

/* Begin PBXBuildFile section */
		58C7A25D800FDD73509E0DA7 /* SettingsView.swift in Sources */ = {isa = PBXBuildFile; fileRef = 58C7A456C8D7355E74784684 /* SettingsView.swift */; };
		58C7A76DDCC8FAC2E9DD2CBD /* RedditPost.swift in Sources */ = {isa = PBXBuildFile; fileRef = 58C7A9A0F4238F7C056DD9B9 /* RedditPost.swift */; };
		58C7A83DC0E021779931E822 /* ContentView.swift in Sources */ = {isa = PBXBuildFile; fileRef = 58C7AA3F368EAC88BC8F8A13 /* ContentView.swift */; };
		58C7A92DD1F28FD4F1DF8527 /* AuthorAvatarLoader.swift in Sources */ = {isa = PBXBuildFile; fileRef = 58C7AAC1D86CA6B2E0B777B4 /* AuthorAvatarLoader.swift */; };
		58C7AAD3C59C28DCF4548884 /* PostPreview.swift in Sources */ = {isa = PBXBuildFile; fileRef = 58C7A8F7F26793959C61A2F3 /* PostPreview.swift */; };
		58C7AE218BBB486F2D068727 /* PostDetailView.swift in Sources */ = {isa = PBXBuildFile; fileRef = 58C7A7E0A6DE5B71A9C0D716 /* PostDetailView.swift */; };
		ACEC2D402A002A4800B5410A /* GrayditApp.swift in Sources */ = {isa = PBXBuildFile; fileRef = ACEC2D3F2A002A4800B5410A /* GrayditApp.swift */; };
		ACEC2D442A002A4900B5410A /* Assets.xcassets in Resources */ = {isa = PBXBuildFile; fileRef = ACEC2D432A002A4900B5410A /* Assets.xcassets */; };
		ACEC2D472A002A4900B5410A /* Preview Assets.xcassets in Resources */ = {isa = PBXBuildFile; fileRef = ACEC2D462A002A4900B5410A /* Preview Assets.xcassets */; };
		ACEC2D4F2A002B1100B5410A /* SwiftUIRefresh in Frameworks */ = {isa = PBXBuildFile; productRef = ACEC2D4E2A002B1100B5410A /* SwiftUIRefresh */; };
/* End PBXBuildFile section */

/* Begin PBXFileReference section */
		58C7A456C8D7355E74784684 /* SettingsView.swift */ = {isa = PBXFileReference; fileEncoding = 4; lastKnownFileType = sourcecode.swift; path = SettingsView.swift; sourceTree = "<group>"; };
		58C7A7E0A6DE5B71A9C0D716 /* PostDetailView.swift */ = {isa = PBXFileReference; fileEncoding = 4; lastKnownFileType = sourcecode.swift; path = PostDetailView.swift; sourceTree = "<group>"; };
		58C7A8F7F26793959C61A2F3 /* PostPreview.swift */ = {isa = PBXFileReference; fileEncoding = 4; lastKnownFileType = sourcecode.swift; path = PostPreview.swift; sourceTree = "<group>"; };
		58C7A9A0F4238F7C056DD9B9 /* RedditPost.swift */ = {isa = PBXFileReference; fileEncoding = 4; lastKnownFileType = sourcecode.swift; path = RedditPost.swift; sourceTree = "<group>"; };
		58C7AA3F368EAC88BC8F8A13 /* ContentView.swift */ = {isa = PBXFileReference; fileEncoding = 4; lastKnownFileType = sourcecode.swift; path = ContentView.swift; sourceTree = "<group>"; };
		58C7AAC1D86CA6B2E0B777B4 /* AuthorAvatarLoader.swift */ = {isa = PBXFileReference; fileEncoding = 4; lastKnownFileType = sourcecode.swift; path = AuthorAvatarLoader.swift; sourceTree = "<group>"; };
		ACEC2D3C2A002A4800B5410A /* Graydit.app */ = {isa = PBXFileReference; explicitFileType = wrapper.application; includeInIndex = 0; path = Graydit.app; sourceTree = BUILT_PRODUCTS_DIR; };
		ACEC2D3F2A002A4800B5410A /* GrayditApp.swift */ = {isa = PBXFileReference; lastKnownFileType = sourcecode.swift; path = GrayditApp.swift; sourceTree = "<group>"; };
		ACEC2D432A002A4900B5410A /* Assets.xcassets */ = {isa = PBXFileReference; lastKnownFileType = folder.assetcatalog; path = Assets.xcassets; sourceTree = "<group>"; };
		ACEC2D462A002A4900B5410A /* Preview Assets.xcassets */ = {isa = PBXFileReference; lastKnownFileType = folder.assetcatalog; path = "Preview Assets.xcassets"; sourceTree = "<group>"; };
/* End PBXFileReference section */

/* Begin PBXFrameworksBuildPhase section */
		ACEC2D392A002A4700B5410A /* Frameworks */ = {
			isa = PBXFrameworksBuildPhase;
			buildActionMask = 2147483647;
			files = (
				ACEC2D4F2A002B1100B5410A /* SwiftUIRefresh in Frameworks */,
			);
			runOnlyForDeploymentPostprocessing = 0;
		};
/* End PBXFrameworksBuildPhase section */

/* Begin PBXGroup section */
		ACEC2D332A002A4700B5410A = {
			isa = PBXGroup;
			children = (
				ACEC2D3E2A002A4800B5410A /* Graydit */,
				ACEC2D3D2A002A4800B5410A /* Products */,
			);
			sourceTree = "<group>";
		};
		ACEC2D3D2A002A4800B5410A /* Products */ = {
			isa = PBXGroup;
			children = (
				ACEC2D3C2A002A4800B5410A /* Graydit.app */,
			);
			name = Products;
			sourceTree = "<group>";
		};
		ACEC2D3E2A002A4800B5410A /* Graydit */ = {
			isa = PBXGroup;
			children = (
				ACEC2D3F2A002A4800B5410A /* GrayditApp.swift */,
				ACEC2D432A002A4900B5410A /* Assets.xcassets */,
				ACEC2D452A002A4900B5410A /* Preview Content */,
				58C7A7E0A6DE5B71A9C0D716 /* PostDetailView.swift */,
				58C7A8F7F26793959C61A2F3 /* PostPreview.swift */,
				58C7A9A0F4238F7C056DD9B9 /* RedditPost.swift */,
				58C7A456C8D7355E74784684 /* SettingsView.swift */,
				58C7AAC1D86CA6B2E0B777B4 /* AuthorAvatarLoader.swift */,
				58C7AA3F368EAC88BC8F8A13 /* ContentView.swift */,
			);
			path = Graydit;
			sourceTree = "<group>";
		};
		ACEC2D452A002A4900B5410A /* Preview Content */ = {
			isa = PBXGroup;
			children = (
				ACEC2D462A002A4900B5410A /* Preview Assets.xcassets */,
			);
			path = "Preview Content";
			sourceTree = "<group>";
		};
/* End PBXGroup section */

/* Begin PBXNativeTarget section */
		ACEC2D3B2A002A4700B5410A /* Graydit */ = {
			isa = PBXNativeTarget;
			buildConfigurationList = ACEC2D4A2A002A4900B5410A /* Build configuration list for PBXNativeTarget "Graydit" */;
			buildPhases = (
				ACEC2D382A002A4700B5410A /* Sources */,
				ACEC2D392A002A4700B5410A /* Frameworks */,
				ACEC2D3A2A002A4700B5410A /* Resources */,
			);
			buildRules = (
			);
			dependencies = (
			);
			name = Graydit;
			packageProductDependencies = (
				ACEC2D4E2A002B1100B5410A /* SwiftUIRefresh */,
			);
			productName = Graydit;
			productReference = ACEC2D3C2A002A4800B5410A /* Graydit.app */;
			productType = "com.apple.product-type.application";
		};
/* End PBXNativeTarget section */

/* Begin PBXProject section */
		ACEC2D342A002A4700B5410A /* Project object */ = {
			isa = PBXProject;
			attributes = {
				BuildIndependentTargetsInParallel = 1;
				LastSwiftUpdateCheck = 1430;
				LastUpgradeCheck = 1430;
				TargetAttributes = {
					ACEC2D3B2A002A4700B5410A = {
						CreatedOnToolsVersion = 14.3;
					};
				};
			};
			buildConfigurationList = ACEC2D372A002A4700B5410A /* Build configuration list for PBXProject "Graydit" */;
			compatibilityVersion = "Xcode 14.0";
			developmentRegion = en;
			hasScannedForEncodings = 0;
			knownRegions = (
				en,
				Base,
			);
			mainGroup = ACEC2D332A002A4700B5410A;
			packageReferences = (
				ACEC2D4D2A002B1100B5410A /* XCRemoteSwiftPackageReference "SwiftUIRefresh" */,
			);
			productRefGroup = ACEC2D3D2A002A4800B5410A /* Products */;
			projectDirPath = "";
			projectRoot = "";
			targets = (
				ACEC2D3B2A002A4700B5410A /* Graydit */,
			);
		};
/* End PBXProject section */

/* Begin PBXResourcesBuildPhase section */
		ACEC2D3A2A002A4700B5410A /* Resources */ = {
			isa = PBXResourcesBuildPhase;
			buildActionMask = 2147483647;
			files = (
				ACEC2D472A002A4900B5410A /* Preview Assets.xcassets in Resources */,
				ACEC2D442A002A4900B5410A /* Assets.xcassets in Resources */,
			);
			runOnlyForDeploymentPostprocessing = 0;
		};
/* End PBXResourcesBuildPhase section */

/* Begin PBXSourcesBuildPhase section */
		ACEC2D382A002A4700B5410A /* Sources */ = {
			isa = PBXSourcesBuildPhase;
			buildActionMask = 2147483647;
			files = (
				ACEC2D402A002A4800B5410A /* GrayditApp.swift in Sources */,
				58C7AE218BBB486F2D068727 /* PostDetailView.swift in Sources */,
				58C7AAD3C59C28DCF4548884 /* PostPreview.swift in Sources */,
				58C7A76DDCC8FAC2E9DD2CBD /* RedditPost.swift in Sources */,
				58C7A25D800FDD73509E0DA7 /* SettingsView.swift in Sources */,
				58C7A92DD1F28FD4F1DF8527 /* AuthorAvatarLoader.swift in Sources */,
				58C7A83DC0E021779931E822 /* ContentView.swift in Sources */,
			);
			runOnlyForDeploymentPostprocessing = 0;
		};
/* End PBXSourcesBuildPhase section */

/* Begin XCBuildConfiguration section */
		ACEC2D482A002A4900B5410A /* Debug */ = {
			isa = XCBuildConfiguration;
			buildSettings = {
				ALWAYS_SEARCH_USER_PATHS = NO;
				CLANG_ANALYZER_NONNULL = YES;
				CLANG_ANALYZER_NUMBER_OBJECT_CONVERSION = YES_AGGRESSIVE;
				CLANG_CXX_LANGUAGE_STANDARD = "gnu++20";
				CLANG_ENABLE_MODULES = YES;
				CLANG_ENABLE_OBJC_ARC = YES;
				CLANG_ENABLE_OBJC_WEAK = YES;
				CLANG_WARN_BLOCK_CAPTURE_AUTORELEASING = YES;
				CLANG_WARN_BOOL_CONVERSION = YES;
				CLANG_WARN_COMMA = YES;
				CLANG_WARN_CONSTANT_CONVERSION = YES;
				CLANG_WARN_DEPRECATED_OBJC_IMPLEMENTATIONS = YES;
				CLANG_WARN_DIRECT_OBJC_ISA_USAGE = YES_ERROR;
				CLANG_WARN_DOCUMENTATION_COMMENTS = YES;
				CLANG_WARN_EMPTY_BODY = YES;
				CLANG_WARN_ENUM_CONVERSION = YES;
				CLANG_WARN_INFINITE_RECURSION = YES;
				CLANG_WARN_INT_CONVERSION = YES;
				CLANG_WARN_NON_LITERAL_NULL_CONVERSION = YES;
				CLANG_WARN_OBJC_IMPLICIT_RETAIN_SELF = YES;
				CLANG_WARN_OBJC_LITERAL_CONVERSION = YES;
				CLANG_WARN_OBJC_ROOT_CLASS = YES_ERROR;
				CLANG_WARN_QUOTED_INCLUDE_IN_FRAMEWORK_HEADER = YES;
				CLANG_WARN_RANGE_LOOP_ANALYSIS = YES;
				CLANG_WARN_STRICT_PROTOTYPES = YES;
				CLANG_WARN_SUSPICIOUS_MOVE = YES;
				CLANG_WARN_UNGUARDED_AVAILABILITY = YES_AGGRESSIVE;
				CLANG_WARN_UNREACHABLE_CODE = YES;
				CLANG_WARN__DUPLICATE_METHOD_MATCH = YES;
				COPY_PHASE_STRIP = NO;
				DEBUG_INFORMATION_FORMAT = dwarf;
				ENABLE_STRICT_OBJC_MSGSEND = YES;
				ENABLE_TESTABILITY = YES;
				GCC_C_LANGUAGE_STANDARD = gnu11;
				GCC_DYNAMIC_NO_PIC = NO;
				GCC_NO_COMMON_BLOCKS = YES;
				GCC_OPTIMIZATION_LEVEL = 0;
				GCC_PREPROCESSOR_DEFINITIONS = (
					"DEBUG=1",
					"$(inherited)",
				);
				GCC_WARN_64_TO_32_BIT_CONVERSION = YES;
				GCC_WARN_ABOUT_RETURN_TYPE = YES_ERROR;
				GCC_WARN_UNDECLARED_SELECTOR = YES;
				GCC_WARN_UNINITIALIZED_AUTOS = YES_AGGRESSIVE;
				GCC_WARN_UNUSED_FUNCTION = YES;
				GCC_WARN_UNUSED_VARIABLE = YES;
				IPHONEOS_DEPLOYMENT_TARGET = 16.4;
				MTL_ENABLE_DEBUG_INFO = INCLUDE_SOURCE;
				MTL_FAST_MATH = YES;
				ONLY_ACTIVE_ARCH = YES;
				SDKROOT = iphoneos;
				SWIFT_ACTIVE_COMPILATION_CONDITIONS = DEBUG;
				SWIFT_OPTIMIZATION_LEVEL = "-Onone";
			};
			name = Debug;
		};
		ACEC2D492A002A4900B5410A /* Release */ = {
			isa = XCBuildConfiguration;
			buildSettings = {
				ALWAYS_SEARCH_USER_PATHS = NO;
				CLANG_ANALYZER_NONNULL = YES;
				CLANG_ANALYZER_NUMBER_OBJECT_CONVERSION = YES_AGGRESSIVE;
				CLANG_CXX_LANGUAGE_STANDARD = "gnu++20";
				CLANG_ENABLE_MODULES = YES;
				CLANG_ENABLE_OBJC_ARC = YES;
				CLANG_ENABLE_OBJC_WEAK = YES;
				CLANG_WARN_BLOCK_CAPTURE_AUTORELEASING = YES;
				CLANG_WARN_BOOL_CONVERSION = YES;
				CLANG_WARN_COMMA = YES;
				CLANG_WARN_CONSTANT_CONVERSION = YES;
				CLANG_WARN_DEPRECATED_OBJC_IMPLEMENTATIONS = YES;
				CLANG_WARN_DIRECT_OBJC_ISA_USAGE = YES_ERROR;
				CLANG_WARN_DOCUMENTATION_COMMENTS = YES;
				CLANG_WARN_EMPTY_BODY = YES;
				CLANG_WARN_ENUM_CONVERSION = YES;
				CLANG_WARN_INFINITE_RECURSION = YES;
				CLANG_WARN_INT_CONVERSION = YES;
				CLANG_WARN_NON_LITERAL_NULL_CONVERSION = YES;
				CLANG_WARN_OBJC_IMPLICIT_RETAIN_SELF = YES;
				CLANG_WARN_OBJC_LITERAL_CONVERSION = YES;
				CLANG_WARN_OBJC_ROOT_CLASS = YES_ERROR;
				CLANG_WARN_QUOTED_INCLUDE_IN_FRAMEWORK_HEADER = YES;
				CLANG_WARN_RANGE_LOOP_ANALYSIS = YES;
				CLANG_WARN_STRICT_PROTOTYPES = YES;
				CLANG_WARN_SUSPICIOUS_MOVE = YES;
				CLANG_WARN_UNGUARDED_AVAILABILITY = YES_AGGRESSIVE;
				CLANG_WARN_UNREACHABLE_CODE = YES;
				CLANG_WARN__DUPLICATE_METHOD_MATCH = YES;
				COPY_PHASE_STRIP = NO;
				DEBUG_INFORMATION_FORMAT = "dwarf-with-dsym";
				ENABLE_NS_ASSERTIONS = NO;
				ENABLE_STRICT_OBJC_MSGSEND = YES;
				GCC_C_LANGUAGE_STANDARD = gnu11;
				GCC_NO_COMMON_BLOCKS = YES;
				GCC_WARN_64_TO_32_BIT_CONVERSION = YES;
				GCC_WARN_ABOUT_RETURN_TYPE = YES_ERROR;
				GCC_WARN_UNDECLARED_SELECTOR = YES;
				GCC_WARN_UNINITIALIZED_AUTOS = YES_AGGRESSIVE;
				GCC_WARN_UNUSED_FUNCTION = YES;
				GCC_WARN_UNUSED_VARIABLE = YES;
				IPHONEOS_DEPLOYMENT_TARGET = 16.4;
				MTL_ENABLE_DEBUG_INFO = NO;
				MTL_FAST_MATH = YES;
				SDKROOT = iphoneos;
				SWIFT_COMPILATION_MODE = wholemodule;
				SWIFT_OPTIMIZATION_LEVEL = "-O";
				VALIDATE_PRODUCT = YES;
			};
			name = Release;
		};
		ACEC2D4B2A002A4900B5410A /* Debug */ = {
			isa = XCBuildConfiguration;
			buildSettings = {
				ASSETCATALOG_COMPILER_APPICON_NAME = AppIcon;
				ASSETCATALOG_COMPILER_GLOBAL_ACCENT_COLOR_NAME = AccentColor;
				CODE_SIGN_STYLE = Automatic;
				CURRENT_PROJECT_VERSION = 1;
				DEVELOPMENT_ASSET_PATHS = "\"Graydit/Preview Content\"";
				DEVELOPMENT_TEAM = K88K8W9Z6A;
				ENABLE_PREVIEWS = YES;
				GENERATE_INFOPLIST_FILE = YES;
				INFOPLIST_KEY_UIApplicationSceneManifest_Generation = YES;
				INFOPLIST_KEY_UIApplicationSupportsIndirectInputEvents = YES;
				INFOPLIST_KEY_UILaunchScreen_Generation = YES;
				INFOPLIST_KEY_UISupportedInterfaceOrientations_iPad = "UIInterfaceOrientationPortrait UIInterfaceOrientationPortraitUpsideDown UIInterfaceOrientationLandscapeLeft UIInterfaceOrientationLandscapeRight";
				INFOPLIST_KEY_UISupportedInterfaceOrientations_iPhone = "UIInterfaceOrientationPortrait UIInterfaceOrientationLandscapeLeft UIInterfaceOrientationLandscapeRight";
				LD_RUNPATH_SEARCH_PATHS = (
					"$(inherited)",
					"@executable_path/Frameworks",
				);
				MARKETING_VERSION = 1.0;
				PRODUCT_BUNDLE_IDENTIFIER = artem.Graydit;
				PRODUCT_NAME = "$(TARGET_NAME)";
				SWIFT_EMIT_LOC_STRINGS = YES;
				SWIFT_VERSION = 5.0;
				TARGETED_DEVICE_FAMILY = "1,2";
			};
			name = Debug;
		};
		ACEC2D4C2A002A4900B5410A /* Release */ = {
			isa = XCBuildConfiguration;
			buildSettings = {
				ASSETCATALOG_COMPILER_APPICON_NAME = AppIcon;
				ASSETCATALOG_COMPILER_GLOBAL_ACCENT_COLOR_NAME = AccentColor;
				CODE_SIGN_STYLE = Automatic;
				CURRENT_PROJECT_VERSION = 1;
				DEVELOPMENT_ASSET_PATHS = "\"Graydit/Preview Content\"";
				DEVELOPMENT_TEAM = K88K8W9Z6A;
				ENABLE_PREVIEWS = YES;
				GENERATE_INFOPLIST_FILE = YES;
				INFOPLIST_KEY_UIApplicationSceneManifest_Generation = YES;
				INFOPLIST_KEY_UIApplicationSupportsIndirectInputEvents = YES;
				INFOPLIST_KEY_UILaunchScreen_Generation = YES;
				INFOPLIST_KEY_UISupportedInterfaceOrientations_iPad = "UIInterfaceOrientationPortrait UIInterfaceOrientationPortraitUpsideDown UIInterfaceOrientationLandscapeLeft UIInterfaceOrientationLandscapeRight";
				INFOPLIST_KEY_UISupportedInterfaceOrientations_iPhone = "UIInterfaceOrientationPortrait UIInterfaceOrientationLandscapeLeft UIInterfaceOrientationLandscapeRight";
				LD_RUNPATH_SEARCH_PATHS = (
					"$(inherited)",
					"@executable_path/Frameworks",
				);
				MARKETING_VERSION = 1.0;
				PRODUCT_BUNDLE_IDENTIFIER = artem.Graydit;
				PRODUCT_NAME = "$(TARGET_NAME)";
				SWIFT_EMIT_LOC_STRINGS = YES;
				SWIFT_VERSION = 5.0;
				TARGETED_DEVICE_FAMILY = "1,2";
			};
			name = Release;
		};
/* End XCBuildConfiguration section */

/* Begin XCConfigurationList section */
		ACEC2D372A002A4700B5410A /* Build configuration list for PBXProject "Graydit" */ = {
			isa = XCConfigurationList;
			buildConfigurations = (
				ACEC2D482A002A4900B5410A /* Debug */,
				ACEC2D492A002A4900B5410A /* Release */,
			);
			defaultConfigurationIsVisible = 0;
			defaultConfigurationName = Release;
		};
		ACEC2D4A2A002A4900B5410A /* Build configuration list for PBXNativeTarget "Graydit" */ = {
			isa = XCConfigurationList;
			buildConfigurations = (
				ACEC2D4B2A002A4900B5410A /* Debug */,
				ACEC2D4C2A002A4900B5410A /* Release */,
			);
			defaultConfigurationIsVisible = 0;
			defaultConfigurationName = Release;
		};
/* End XCConfigurationList section */

/* Begin XCRemoteSwiftPackageReference section */
		ACEC2D4D2A002B1100B5410A /* XCRemoteSwiftPackageReference "SwiftUIRefresh" */ = {
			isa = XCRemoteSwiftPackageReference;
			repositoryURL = "https://github.com/timbersoftware/SwiftUIRefresh.git";
			requirement = {
				kind = upToNextMajorVersion;
				minimumVersion = 0.0.3;
			};
		};
/* End XCRemoteSwiftPackageReference section */

/* Begin XCSwiftPackageProductDependency section */
		ACEC2D4E2A002B1100B5410A /* SwiftUIRefresh */ = {
			isa = XCSwiftPackageProductDependency;
			package = ACEC2D4D2A002B1100B5410A /* XCRemoteSwiftPackageReference "SwiftUIRefresh" */;
			productName = SwiftUIRefresh;
		};
/* End XCSwiftPackageProductDependency section */
	};
	rootObject = ACEC2D342A002A4700B5410A /* Project object */;
}
